<?xml version="1.0" encoding="utf-8"?>
<Project ToolsVersion="4.0" xmlns="http://schemas.microsoft.com/developer/msbuild/2003">
  <ItemGroup>
    <Filter Include="Source Files">
      <UniqueIdentifier>{4FC737F1-C7A5-4376-A066-2A32D752A2FF}</UniqueIdentifier>
      <Extensions>cpp;c;cc;cxx;def;odl;idl;hpj;bat;asm;asmx</Extensions>
    </Filter>
    <Filter Include="Header Files">
      <UniqueIdentifier>{93995380-89BD-4b04-88EB-625FBE52EBFB}</UniqueIdentifier>
      <Extensions>h;hh;hpp;hxx;hm;inl;inc;ipp;xsd</Extensions>
    </Filter>
    <Filter Include="Resource Files">
      <UniqueIdentifier>{67DA6AB6-F800-4c08-8B7A-83BB121AAD01}</UniqueIdentifier>
      <Extensions>rc;ico;cur;bmp;dlg;rc2;rct;bin;rgs;gif;jpg;jpeg;jpe;resx;tiff;tif;png;wav;mfcribbon-ms</Extensions>
    </Filter>
  </ItemGroup>
  <ItemGroup>
    <ClCompile Include="Fbo.cpp">
      <Filter>Source Files</Filter>
    </ClCompile>
    <ClCompile Include="ObjModel.cpp">
      <Filter>Source Files</Filter>
    </ClCompile>
    <ClCompile Include="Shader.cpp">
      <Filter>Source Files</Filter>
    </ClCompile>
    <ClCompile Include="Texture.cpp">
      <Filter>Source Files</Filter>
    </ClCompile>
    <ClCompile Include="main.cpp">
      <Filter>Source Files</Filter>
    </ClCompile>
  </ItemGroup>
  <ItemGroup>
    <ClInclude Include="Fbo.h">
      <Filter>Header Files</Filter>
    </ClInclude>
    <ClInclude Include="ObjModel.h">
      <Filter>Header Files</Filter>
    </ClInclude>
    <ClInclude Include="Shader.h">
      <Filter>Header Files</Filter>
    </ClInclude>
    <ClInclude Include="Texture.h">
      <Filter>Header Files</Filter>
    </ClInclude>
  </ItemGroup>
  <ItemGroup>
    <None Include="assets\shaders\reflect.vs" />
    <None Include="assets\shaders\reflect.fs" />
    <None Include="assets\shaders\post\bloom.vs" />
    <None Include="assets\shaders\post\bloom.fs" />
    <None Include="assets\shaders\pixelation.vs" />
    <None Include="assets\shaders\pixelation.fs" />
    <None Include="assets\shaders\post\screenwave.vs" />
    <None Include="assets\shaders\post\screenwave.fs" />
    <None Include="assets\shaders\brick.vs" />
    <None Include="assets\shaders\brick.fs" />
    <None Include="assets\shaders\post\filmgrain.vs" />
    <None Include="assets\shaders\post\filmgrain.fs" />
    <None Include="assets\shaders\explosion.gs" />
    <None Include="assets\shaders\post\rain.fs" />
    <None Include="assets\shaders\post\rain.vs" />
    <None Include="assets\shaders\post\pixelation.vs" />
    <None Include="assets\shaders\post\pixelation.fs" />
    <None Include="assets\shaders\skybox.vs" />
    <None Include="assets\shaders\skybox.fs" />
  </ItemGroup>
</Project>